// !$*UTF8*$!
{
	archiveVersion = 1;
	classes = {
	};
	objectVersion = 48;
	objects = {

/* Begin PBXBuildFile section */
		186F863C9BF6536D3746A4E6 /* Pods_myGifSwift.framework in Frameworks */ = {isa = PBXBuildFile; fileRef = C60FB2CE5169BEB3ED2D93A1 /* Pods_myGifSwift.framework */; };
		BDA23D7B1F4C059200B89066 /* AppDelegate.swift in Sources */ = {isa = PBXBuildFile; fileRef = BDA23D7A1F4C059200B89066 /* AppDelegate.swift */; };
		BDA23D821F4C059200B89066 /* Assets.xcassets in Resources */ = {isa = PBXBuildFile; fileRef = BDA23D811F4C059200B89066 /* Assets.xcassets */; };
		BDA23DE51F4C078700B89066 /* EmptyView.m in Sources */ = {isa = PBXBuildFile; fileRef = BDA23D8F1F4C071F00B89066 /* EmptyView.m */; };
		BDE15BE81F4C30620070D1C7 /* FavoriteVC.swift in Sources */ = {isa = PBXBuildFile; fileRef = BDE15BE71F4C30620070D1C7 /* FavoriteVC.swift */; };
		BDE15BEA1F4C307C0070D1C7 /* LocalVC.swift in Sources */ = {isa = PBXBuildFile; fileRef = BDE15BE91F4C307C0070D1C7 /* LocalVC.swift */; };
		BDE15BEC1F4C308C0070D1C7 /* MeVC.swift in Sources */ = {isa = PBXBuildFile; fileRef = BDE15BEB1F4C308C0070D1C7 /* MeVC.swift */; };
		BDE15BEE1F4C30C40070D1C7 /* BaseViewController.swift in Sources */ = {isa = PBXBuildFile; fileRef = BDE15BED1F4C30C40070D1C7 /* BaseViewController.swift */; };
		BDE15BF01F4C31950070D1C7 /* RHRefreshFooter.swift in Sources */ = {isa = PBXBuildFile; fileRef = BDE15BEF1F4C31950070D1C7 /* RHRefreshFooter.swift */; };
		BDE15BF21F4C31BC0070D1C7 /* RHRefreshHeader.swift in Sources */ = {isa = PBXBuildFile; fileRef = BDE15BF11F4C31BC0070D1C7 /* RHRefreshHeader.swift */; };
		BDE15C111F4C33720070D1C7 /* Bundle+JCBundle.swift in Sources */ = {isa = PBXBuildFile; fileRef = BDE15BF31F4C33720070D1C7 /* Bundle+JCBundle.swift */; };
		BDE15C121F4C33720070D1C7 /* Data+JCData.swift in Sources */ = {isa = PBXBuildFile; fileRef = BDE15BF41F4C33720070D1C7 /* Data+JCData.swift */; };
		BDE15C131F4C33720070D1C7 /* Date+JCDate.swift in Sources */ = {isa = PBXBuildFile; fileRef = BDE15BF51F4C33720070D1C7 /* Date+JCDate.swift */; };
		BDE15C141F4C33720070D1C7 /* DispatchQueue+IOSUtil.swift in Sources */ = {isa = PBXBuildFile; fileRef = BDE15BF61F4C33720070D1C7 /* DispatchQueue+IOSUtil.swift */; };
		BDE15C151F4C33720070D1C7 /* DragableTableExtension.swift in Sources */ = {isa = PBXBuildFile; fileRef = BDE15BF71F4C33720070D1C7 /* DragableTableExtension.swift */; };
		BDE15C161F4C33720070D1C7 /* Draw+IOSUtil.swift in Sources */ = {isa = PBXBuildFile; fileRef = BDE15BF81F4C33720070D1C7 /* Draw+IOSUtil.swift */; };
		BDE15C171F4C33720070D1C7 /* FileManager+JCFileManager.swift in Sources */ = {isa = PBXBuildFile; fileRef = BDE15BF91F4C33720070D1C7 /* FileManager+JCFileManager.swift */; };
		BDE15C181F4C33720070D1C7 /* NSDate+JCDate.swift in Sources */ = {isa = PBXBuildFile; fileRef = BDE15BFA1F4C33720070D1C7 /* NSDate+JCDate.swift */; };
		BDE15C191F4C33720070D1C7 /* NSMutableAttributedString+JCAttributedString.swift in Sources */ = {isa = PBXBuildFile; fileRef = BDE15BFB1F4C33720070D1C7 /* NSMutableAttributedString+JCAttributedString.swift */; };
		BDE15C1A1F4C33720070D1C7 /* NSNumber+JCNumber.swift in Sources */ = {isa = PBXBuildFile; fileRef = BDE15BFC1F4C33720070D1C7 /* NSNumber+JCNumber.swift */; };
		BDE15C1B1F4C33720070D1C7 /* NSString+IOSUtils.m in Sources */ = {isa = PBXBuildFile; fileRef = BDE15BFE1F4C33720070D1C7 /* NSString+IOSUtils.m */; };
		BDE15C1C1F4C33720070D1C7 /* String+JCString.swift in Sources */ = {isa = PBXBuildFile; fileRef = BDE15BFF1F4C33720070D1C7 /* String+JCString.swift */; };
		BDE15C1D1F4C33720070D1C7 /* UIAlertController+IOSUtil.swift in Sources */ = {isa = PBXBuildFile; fileRef = BDE15C001F4C33720070D1C7 /* UIAlertController+IOSUtil.swift */; };
		BDE15C1E1F4C33720070D1C7 /* UIButton+IOSUtil.swift in Sources */ = {isa = PBXBuildFile; fileRef = BDE15C011F4C33720070D1C7 /* UIButton+IOSUtil.swift */; };
		BDE15C1F1F4C33720070D1C7 /* UIColor+IOSUtils.m in Sources */ = {isa = PBXBuildFile; fileRef = BDE15C031F4C33720070D1C7 /* UIColor+IOSUtils.m */; };
		BDE15C201F4C33720070D1C7 /* UIColor+JCColor.swift in Sources */ = {isa = PBXBuildFile; fileRef = BDE15C041F4C33720070D1C7 /* UIColor+JCColor.swift */; };
		BDE15C211F4C33720070D1C7 /* UIImage+JCImage.swift in Sources */ = {isa = PBXBuildFile; fileRef = BDE15C051F4C33720070D1C7 /* UIImage+JCImage.swift */; };
		BDE15C221F4C33720070D1C7 /* UIImageView+JCImageView.swift in Sources */ = {isa = PBXBuildFile; fileRef = BDE15C061F4C33720070D1C7 /* UIImageView+JCImageView.swift */; };
		BDE15C231F4C33720070D1C7 /* UINavigationController+JCNavigationAttributes.swift in Sources */ = {isa = PBXBuildFile; fileRef = BDE15C071F4C33720070D1C7 /* UINavigationController+JCNavigationAttributes.swift */; };
		BDE15C241F4C33720070D1C7 /* UINavigationItem+JCLoading.swift in Sources */ = {isa = PBXBuildFile; fileRef = BDE15C081F4C33720070D1C7 /* UINavigationItem+JCLoading.swift */; };
		BDE15C251F4C33720070D1C7 /* UIResponder+JCResponder.swift in Sources */ = {isa = PBXBuildFile; fileRef = BDE15C091F4C33720070D1C7 /* UIResponder+JCResponder.swift */; };
		BDE15C261F4C33720070D1C7 /* UIScrollView+JCScrollView.swift in Sources */ = {isa = PBXBuildFile; fileRef = BDE15C0A1F4C33720070D1C7 /* UIScrollView+JCScrollView.swift */; };
		BDE15C271F4C33720070D1C7 /* UITextField+JCTextField.swift in Sources */ = {isa = PBXBuildFile; fileRef = BDE15C0B1F4C33720070D1C7 /* UITextField+JCTextField.swift */; };
		BDE15C281F4C33720070D1C7 /* UITextView+JCTextView.swift in Sources */ = {isa = PBXBuildFile; fileRef = BDE15C0C1F4C33720070D1C7 /* UITextView+JCTextView.swift */; };
		BDE15C291F4C33720070D1C7 /* UIView+IOSUtil.swift in Sources */ = {isa = PBXBuildFile; fileRef = BDE15C0D1F4C33720070D1C7 /* UIView+IOSUtil.swift */; };
		BDE15C2A1F4C33720070D1C7 /* UIView+Utils.m in Sources */ = {isa = PBXBuildFile; fileRef = BDE15C0F1F4C33720070D1C7 /* UIView+Utils.m */; };
		BDE15C2B1F4C33720070D1C7 /* UIWebView+JCWebView.swift in Sources */ = {isa = PBXBuildFile; fileRef = BDE15C101F4C33720070D1C7 /* UIWebView+JCWebView.swift */; };
		BDE15C341F4C33EA0070D1C7 /* ApiMacros.swift in Sources */ = {isa = PBXBuildFile; fileRef = BDE15C2C1F4C33EA0070D1C7 /* ApiMacros.swift */; };
		BDE15C351F4C33EA0070D1C7 /* JCSwiftKitMacro.swift in Sources */ = {isa = PBXBuildFile; fileRef = BDE15C2D1F4C33EA0070D1C7 /* JCSwiftKitMacro.swift */; };
		BDE15C361F4C33EA0070D1C7 /* NotifiMacros.swift in Sources */ = {isa = PBXBuildFile; fileRef = BDE15C2E1F4C33EA0070D1C7 /* NotifiMacros.swift */; };
		BDE15C371F4C33EA0070D1C7 /* PathMacros.swift in Sources */ = {isa = PBXBuildFile; fileRef = BDE15C2F1F4C33EA0070D1C7 /* PathMacros.swift */; };
		BDE15C381F4C33EA0070D1C7 /* SizeMacros.swift in Sources */ = {isa = PBXBuildFile; fileRef = BDE15C311F4C33EA0070D1C7 /* SizeMacros.swift */; };
		BDE15C391F4C33EA0070D1C7 /* ThridMacros.swift in Sources */ = {isa = PBXBuildFile; fileRef = BDE15C321F4C33EA0070D1C7 /* ThridMacros.swift */; };
		BDE15C3A1F4C33EA0070D1C7 /* UtilMacros.swift in Sources */ = {isa = PBXBuildFile; fileRef = BDE15C331F4C33EA0070D1C7 /* UtilMacros.swift */; };
		BDE15C3C1F4C34160070D1C7 /* JHNetwork.swift in Sources */ = {isa = PBXBuildFile; fileRef = BDE15C3B1F4C34160070D1C7 /* JHNetwork.swift */; };
		BDE15C3E1F4C34200070D1C7 /* XHTabBar.swift in Sources */ = {isa = PBXBuildFile; fileRef = BDE15C3D1F4C34200070D1C7 /* XHTabBar.swift */; };
		BDE15C411F4C343F0070D1C7 /* IndicatorView.swift in Sources */ = {isa = PBXBuildFile; fileRef = BDE15C3F1F4C343F0070D1C7 /* IndicatorView.swift */; };
		BDE15C421F4C343F0070D1C7 /* MRPullToRefreshLoadMore.swift in Sources */ = {isa = PBXBuildFile; fileRef = BDE15C401F4C343F0070D1C7 /* MRPullToRefreshLoadMore.swift */; };
		BDE15C4B1F4C34540070D1C7 /* ESPictureBrowser.m in Sources */ = {isa = PBXBuildFile; fileRef = BDE15C441F4C34540070D1C7 /* ESPictureBrowser.m */; };
		BDE15C4C1F4C34540070D1C7 /* ESPictureManager.m in Sources */ = {isa = PBXBuildFile; fileRef = BDE15C461F4C34540070D1C7 /* ESPictureManager.m */; };
		BDE15C4D1F4C34540070D1C7 /* ESPictureProgressView.m in Sources */ = {isa = PBXBuildFile; fileRef = BDE15C481F4C34540070D1C7 /* ESPictureProgressView.m */; };
		BDE15C4E1F4C34540070D1C7 /* ESPictureView.m in Sources */ = {isa = PBXBuildFile; fileRef = BDE15C4A1F4C34540070D1C7 /* ESPictureView.m */; };
		BDE15C511F4C34610070D1C7 /* KDInteractiveNavigationController.swift in Sources */ = {isa = PBXBuildFile; fileRef = BDE15C4F1F4C34610070D1C7 /* KDInteractiveNavigationController.swift */; };
		BDE15C521F4C34610070D1C7 /* UIViewController+InteractiveNavigation.swift in Sources */ = {isa = PBXBuildFile; fileRef = BDE15C501F4C34610070D1C7 /* UIViewController+InteractiveNavigation.swift */; };
		BDE15C551F4C34700070D1C7 /* ProgressHUD.m in Sources */ = {isa = PBXBuildFile; fileRef = BDE15C541F4C34700070D1C7 /* ProgressHUD.m */; };
		BDE15C591F4C34B30070D1C7 /* Tool.swift in Sources */ = {isa = PBXBuildFile; fileRef = BDE15C561F4C34B30070D1C7 /* Tool.swift */; };
		BDE15C5A1F4C34B30070D1C7 /* Tooles.m in Sources */ = {isa = PBXBuildFile; fileRef = BDE15C581F4C34B30070D1C7 /* Tooles.m */; };
/* End PBXBuildFile section */

/* Begin PBXFileReference section */
		847F258FFD16C60E0E7671E2 /* Pods-myGifSwift.release.xcconfig */ = {isa = PBXFileReference; includeInIndex = 1; lastKnownFileType = text.xcconfig; name = "Pods-myGifSwift.release.xcconfig"; path = "Pods/Target Support Files/Pods-myGifSwift/Pods-myGifSwift.release.xcconfig"; sourceTree = "<group>"; };
		8A2DF8133E0B7DBFD87A222D /* Pods-myGifSwift.debug.xcconfig */ = {isa = PBXFileReference; includeInIndex = 1; lastKnownFileType = text.xcconfig; name = "Pods-myGifSwift.debug.xcconfig"; path = "Pods/Target Support Files/Pods-myGifSwift/Pods-myGifSwift.debug.xcconfig"; sourceTree = "<group>"; };
		BDA23D771F4C059200B89066 /* myGifSwift.app */ = {isa = PBXFileReference; explicitFileType = wrapper.application; includeInIndex = 0; path = myGifSwift.app; sourceTree = BUILT_PRODUCTS_DIR; };
		BDA23D7A1F4C059200B89066 /* AppDelegate.swift */ = {isa = PBXFileReference; lastKnownFileType = sourcecode.swift; path = AppDelegate.swift; sourceTree = "<group>"; };
		BDA23D811F4C059200B89066 /* Assets.xcassets */ = {isa = PBXFileReference; lastKnownFileType = folder.assetcatalog; path = Assets.xcassets; sourceTree = "<group>"; };
		BDA23D861F4C059200B89066 /* Info.plist */ = {isa = PBXFileReference; lastKnownFileType = text.plist.xml; path = Info.plist; sourceTree = "<group>"; };
		BDA23D8E1F4C071F00B89066 /* EmptyView.h */ = {isa = PBXFileReference; lastKnownFileType = sourcecode.c.h; path = EmptyView.h; sourceTree = "<group>"; };
		BDA23D8F1F4C071F00B89066 /* EmptyView.m */ = {isa = PBXFileReference; lastKnownFileType = sourcecode.c.objc; path = EmptyView.m; sourceTree = "<group>"; };
		BDA23D921F4C071F00B89066 /* HomeVC.swift */ = {isa = PBXFileReference; lastKnownFileType = sourcecode.swift; path = HomeVC.swift; sourceTree = "<group>"; };
		BDA23D971F4C071F00B89066 /* hud_success@2x.png */ = {isa = PBXFileReference; lastKnownFileType = image.png; path = "hud_success@2x.png"; sourceTree = "<group>"; };
		BDA23D981F4C071F00B89066 /* hud_success@3x.png */ = {isa = PBXFileReference; lastKnownFileType = image.png; path = "hud_success@3x.png"; sourceTree = "<group>"; };
		BDA23D9A1F4C071F00B89066 /* hud_error@3x.png */ = {isa = PBXFileReference; lastKnownFileType = image.png; path = "hud_error@3x.png"; sourceTree = "<group>"; };
		BDA23D9B1F4C071F00B89066 /* hud_info@3x.png */ = {isa = PBXFileReference; lastKnownFileType = image.png; path = "hud_info@3x.png"; sourceTree = "<group>"; };
		BDA23D9C1F4C071F00B89066 /* hud_info@2x.png */ = {isa = PBXFileReference; lastKnownFileType = image.png; path = "hud_info@2x.png"; sourceTree = "<group>"; };
		BDA23D9D1F4C071F00B89066 /* hud_error@2x.png */ = {isa = PBXFileReference; lastKnownFileType = image.png; path = "hud_error@2x.png"; sourceTree = "<group>"; };
		BDA23DD01F4C071F00B89066 /* arrow@2x.png */ = {isa = PBXFileReference; lastKnownFileType = image.png; path = "arrow@2x.png"; sourceTree = "<group>"; };
		BDA23DE11F4C075900B89066 /* myGifSwift-Bridging-Header.h */ = {isa = PBXFileReference; lastKnownFileType = sourcecode.c.h; path = "myGifSwift-Bridging-Header.h"; sourceTree = "<group>"; };
		BDE15BE71F4C30620070D1C7 /* FavoriteVC.swift */ = {isa = PBXFileReference; fileEncoding = 4; lastKnownFileType = sourcecode.swift; path = FavoriteVC.swift; sourceTree = "<group>"; };
		BDE15BE91F4C307C0070D1C7 /* LocalVC.swift */ = {isa = PBXFileReference; fileEncoding = 4; lastKnownFileType = sourcecode.swift; path = LocalVC.swift; sourceTree = "<group>"; };
		BDE15BEB1F4C308C0070D1C7 /* MeVC.swift */ = {isa = PBXFileReference; fileEncoding = 4; lastKnownFileType = sourcecode.swift; path = MeVC.swift; sourceTree = "<group>"; };
		BDE15BED1F4C30C40070D1C7 /* BaseViewController.swift */ = {isa = PBXFileReference; fileEncoding = 4; lastKnownFileType = sourcecode.swift; path = BaseViewController.swift; sourceTree = "<group>"; };
		BDE15BEF1F4C31950070D1C7 /* RHRefreshFooter.swift */ = {isa = PBXFileReference; fileEncoding = 4; lastKnownFileType = sourcecode.swift; path = RHRefreshFooter.swift; sourceTree = "<group>"; };
		BDE15BF11F4C31BC0070D1C7 /* RHRefreshHeader.swift */ = {isa = PBXFileReference; fileEncoding = 4; lastKnownFileType = sourcecode.swift; path = RHRefreshHeader.swift; sourceTree = "<group>"; };
		BDE15BF31F4C33720070D1C7 /* Bundle+JCBundle.swift */ = {isa = PBXFileReference; fileEncoding = 4; lastKnownFileType = sourcecode.swift; path = "Bundle+JCBundle.swift"; sourceTree = "<group>"; };
		BDE15BF41F4C33720070D1C7 /* Data+JCData.swift */ = {isa = PBXFileReference; fileEncoding = 4; lastKnownFileType = sourcecode.swift; path = "Data+JCData.swift"; sourceTree = "<group>"; };
		BDE15BF51F4C33720070D1C7 /* Date+JCDate.swift */ = {isa = PBXFileReference; fileEncoding = 4; lastKnownFileType = sourcecode.swift; path = "Date+JCDate.swift"; sourceTree = "<group>"; };
		BDE15BF61F4C33720070D1C7 /* DispatchQueue+IOSUtil.swift */ = {isa = PBXFileReference; fileEncoding = 4; lastKnownFileType = sourcecode.swift; path = "DispatchQueue+IOSUtil.swift"; sourceTree = "<group>"; };
		BDE15BF71F4C33720070D1C7 /* DragableTableExtension.swift */ = {isa = PBXFileReference; fileEncoding = 4; lastKnownFileType = sourcecode.swift; path = DragableTableExtension.swift; sourceTree = "<group>"; };
		BDE15BF81F4C33720070D1C7 /* Draw+IOSUtil.swift */ = {isa = PBXFileReference; fileEncoding = 4; lastKnownFileType = sourcecode.swift; path = "Draw+IOSUtil.swift"; sourceTree = "<group>"; };
		BDE15BF91F4C33720070D1C7 /* FileManager+JCFileManager.swift */ = {isa = PBXFileReference; fileEncoding = 4; lastKnownFileType = sourcecode.swift; path = "FileManager+JCFileManager.swift"; sourceTree = "<group>"; };
		BDE15BFA1F4C33720070D1C7 /* NSDate+JCDate.swift */ = {isa = PBXFileReference; fileEncoding = 4; lastKnownFileType = sourcecode.swift; path = "NSDate+JCDate.swift"; sourceTree = "<group>"; };
		BDE15BFB1F4C33720070D1C7 /* NSMutableAttributedString+JCAttributedString.swift */ = {isa = PBXFileReference; fileEncoding = 4; lastKnownFileType = sourcecode.swift; path = "NSMutableAttributedString+JCAttributedString.swift"; sourceTree = "<group>"; };
		BDE15BFC1F4C33720070D1C7 /* NSNumber+JCNumber.swift */ = {isa = PBXFileReference; fileEncoding = 4; lastKnownFileType = sourcecode.swift; path = "NSNumber+JCNumber.swift"; sourceTree = "<group>"; };
		BDE15BFD1F4C33720070D1C7 /* NSString+IOSUtils.h */ = {isa = PBXFileReference; fileEncoding = 4; lastKnownFileType = sourcecode.c.h; path = "NSString+IOSUtils.h"; sourceTree = "<group>"; };
		BDE15BFE1F4C33720070D1C7 /* NSString+IOSUtils.m */ = {isa = PBXFileReference; fileEncoding = 4; lastKnownFileType = sourcecode.c.objc; path = "NSString+IOSUtils.m"; sourceTree = "<group>"; };
		BDE15BFF1F4C33720070D1C7 /* String+JCString.swift */ = {isa = PBXFileReference; fileEncoding = 4; lastKnownFileType = sourcecode.swift; path = "String+JCString.swift"; sourceTree = "<group>"; };
		BDE15C001F4C33720070D1C7 /* UIAlertController+IOSUtil.swift */ = {isa = PBXFileReference; fileEncoding = 4; lastKnownFileType = sourcecode.swift; path = "UIAlertController+IOSUtil.swift"; sourceTree = "<group>"; };
		BDE15C011F4C33720070D1C7 /* UIButton+IOSUtil.swift */ = {isa = PBXFileReference; fileEncoding = 4; lastKnownFileType = sourcecode.swift; path = "UIButton+IOSUtil.swift"; sourceTree = "<group>"; };
		BDE15C021F4C33720070D1C7 /* UIColor+IOSUtils.h */ = {isa = PBXFileReference; fileEncoding = 4; lastKnownFileType = sourcecode.c.h; path = "UIColor+IOSUtils.h"; sourceTree = "<group>"; };
		BDE15C031F4C33720070D1C7 /* UIColor+IOSUtils.m */ = {isa = PBXFileReference; fileEncoding = 4; lastKnownFileType = sourcecode.c.objc; path = "UIColor+IOSUtils.m"; sourceTree = "<group>"; };
		BDE15C041F4C33720070D1C7 /* UIColor+JCColor.swift */ = {isa = PBXFileReference; fileEncoding = 4; lastKnownFileType = sourcecode.swift; path = "UIColor+JCColor.swift"; sourceTree = "<group>"; };
		BDE15C051F4C33720070D1C7 /* UIImage+JCImage.swift */ = {isa = PBXFileReference; fileEncoding = 4; lastKnownFileType = sourcecode.swift; path = "UIImage+JCImage.swift"; sourceTree = "<group>"; };
		BDE15C061F4C33720070D1C7 /* UIImageView+JCImageView.swift */ = {isa = PBXFileReference; fileEncoding = 4; lastKnownFileType = sourcecode.swift; path = "UIImageView+JCImageView.swift"; sourceTree = "<group>"; };
		BDE15C071F4C33720070D1C7 /* UINavigationController+JCNavigationAttributes.swift */ = {isa = PBXFileReference; fileEncoding = 4; lastKnownFileType = sourcecode.swift; path = "UINavigationController+JCNavigationAttributes.swift"; sourceTree = "<group>"; };
		BDE15C081F4C33720070D1C7 /* UINavigationItem+JCLoading.swift */ = {isa = PBXFileReference; fileEncoding = 4; lastKnownFileType = sourcecode.swift; path = "UINavigationItem+JCLoading.swift"; sourceTree = "<group>"; };
		BDE15C091F4C33720070D1C7 /* UIResponder+JCResponder.swift */ = {isa = PBXFileReference; fileEncoding = 4; lastKnownFileType = sourcecode.swift; path = "UIResponder+JCResponder.swift"; sourceTree = "<group>"; };
		BDE15C0A1F4C33720070D1C7 /* UIScrollView+JCScrollView.swift */ = {isa = PBXFileReference; fileEncoding = 4; lastKnownFileType = sourcecode.swift; path = "UIScrollView+JCScrollView.swift"; sourceTree = "<group>"; };
		BDE15C0B1F4C33720070D1C7 /* UITextField+JCTextField.swift */ = {isa = PBXFileReference; fileEncoding = 4; lastKnownFileType = sourcecode.swift; path = "UITextField+JCTextField.swift"; sourceTree = "<group>"; };
		BDE15C0C1F4C33720070D1C7 /* UITextView+JCTextView.swift */ = {isa = PBXFileReference; fileEncoding = 4; lastKnownFileType = sourcecode.swift; path = "UITextView+JCTextView.swift"; sourceTree = "<group>"; };
		BDE15C0D1F4C33720070D1C7 /* UIView+IOSUtil.swift */ = {isa = PBXFileReference; fileEncoding = 4; lastKnownFileType = sourcecode.swift; path = "UIView+IOSUtil.swift"; sourceTree = "<group>"; };
		BDE15C0E1F4C33720070D1C7 /* UIView+Utils.h */ = {isa = PBXFileReference; fileEncoding = 4; lastKnownFileType = sourcecode.c.h; path = "UIView+Utils.h"; sourceTree = "<group>"; };
		BDE15C0F1F4C33720070D1C7 /* UIView+Utils.m */ = {isa = PBXFileReference; fileEncoding = 4; lastKnownFileType = sourcecode.c.objc; path = "UIView+Utils.m"; sourceTree = "<group>"; };
		BDE15C101F4C33720070D1C7 /* UIWebView+JCWebView.swift */ = {isa = PBXFileReference; fileEncoding = 4; lastKnownFileType = sourcecode.swift; path = "UIWebView+JCWebView.swift"; sourceTree = "<group>"; };
		BDE15C2C1F4C33EA0070D1C7 /* ApiMacros.swift */ = {isa = PBXFileReference; fileEncoding = 4; lastKnownFileType = sourcecode.swift; path = ApiMacros.swift; sourceTree = "<group>"; };
		BDE15C2D1F4C33EA0070D1C7 /* JCSwiftKitMacro.swift */ = {isa = PBXFileReference; fileEncoding = 4; lastKnownFileType = sourcecode.swift; path = JCSwiftKitMacro.swift; sourceTree = "<group>"; };
		BDE15C2E1F4C33EA0070D1C7 /* NotifiMacros.swift */ = {isa = PBXFileReference; fileEncoding = 4; lastKnownFileType = sourcecode.swift; path = NotifiMacros.swift; sourceTree = "<group>"; };
		BDE15C2F1F4C33EA0070D1C7 /* PathMacros.swift */ = {isa = PBXFileReference; fileEncoding = 4; lastKnownFileType = sourcecode.swift; path = PathMacros.swift; sourceTree = "<group>"; };
		BDE15C301F4C33EA0070D1C7 /* SingtonMacros.h */ = {isa = PBXFileReference; fileEncoding = 4; lastKnownFileType = sourcecode.c.h; path = SingtonMacros.h; sourceTree = "<group>"; };
		BDE15C311F4C33EA0070D1C7 /* SizeMacros.swift */ = {isa = PBXFileReference; fileEncoding = 4; lastKnownFileType = sourcecode.swift; path = SizeMacros.swift; sourceTree = "<group>"; };
		BDE15C321F4C33EA0070D1C7 /* ThridMacros.swift */ = {isa = PBXFileReference; fileEncoding = 4; lastKnownFileType = sourcecode.swift; path = ThridMacros.swift; sourceTree = "<group>"; };
		BDE15C331F4C33EA0070D1C7 /* UtilMacros.swift */ = {isa = PBXFileReference; fileEncoding = 4; lastKnownFileType = sourcecode.swift; path = UtilMacros.swift; sourceTree = "<group>"; };
		BDE15C3B1F4C34160070D1C7 /* JHNetwork.swift */ = {isa = PBXFileReference; fileEncoding = 4; lastKnownFileType = sourcecode.swift; path = JHNetwork.swift; sourceTree = "<group>"; };
		BDE15C3D1F4C34200070D1C7 /* XHTabBar.swift */ = {isa = PBXFileReference; fileEncoding = 4; lastKnownFileType = sourcecode.swift; path = XHTabBar.swift; sourceTree = "<group>"; };
		BDE15C3F1F4C343F0070D1C7 /* IndicatorView.swift */ = {isa = PBXFileReference; fileEncoding = 4; lastKnownFileType = sourcecode.swift; path = IndicatorView.swift; sourceTree = "<group>"; };
		BDE15C401F4C343F0070D1C7 /* MRPullToRefreshLoadMore.swift */ = {isa = PBXFileReference; fileEncoding = 4; lastKnownFileType = sourcecode.swift; path = MRPullToRefreshLoadMore.swift; sourceTree = "<group>"; };
		BDE15C431F4C34540070D1C7 /* ESPictureBrowser.h */ = {isa = PBXFileReference; fileEncoding = 4; lastKnownFileType = sourcecode.c.h; path = ESPictureBrowser.h; sourceTree = "<group>"; };
		BDE15C441F4C34540070D1C7 /* ESPictureBrowser.m */ = {isa = PBXFileReference; fileEncoding = 4; lastKnownFileType = sourcecode.c.objc; path = ESPictureBrowser.m; sourceTree = "<group>"; };
		BDE15C451F4C34540070D1C7 /* ESPictureManager.h */ = {isa = PBXFileReference; fileEncoding = 4; lastKnownFileType = sourcecode.c.h; path = ESPictureManager.h; sourceTree = "<group>"; };
		BDE15C461F4C34540070D1C7 /* ESPictureManager.m */ = {isa = PBXFileReference; fileEncoding = 4; lastKnownFileType = sourcecode.c.objc; path = ESPictureManager.m; sourceTree = "<group>"; };
		BDE15C471F4C34540070D1C7 /* ESPictureProgressView.h */ = {isa = PBXFileReference; fileEncoding = 4; lastKnownFileType = sourcecode.c.h; path = ESPictureProgressView.h; sourceTree = "<group>"; };
		BDE15C481F4C34540070D1C7 /* ESPictureProgressView.m */ = {isa = PBXFileReference; fileEncoding = 4; lastKnownFileType = sourcecode.c.objc; path = ESPictureProgressView.m; sourceTree = "<group>"; };
		BDE15C491F4C34540070D1C7 /* ESPictureView.h */ = {isa = PBXFileReference; fileEncoding = 4; lastKnownFileType = sourcecode.c.h; path = ESPictureView.h; sourceTree = "<group>"; };
		BDE15C4A1F4C34540070D1C7 /* ESPictureView.m */ = {isa = PBXFileReference; fileEncoding = 4; lastKnownFileType = sourcecode.c.objc; path = ESPictureView.m; sourceTree = "<group>"; };
		BDE15C4F1F4C34610070D1C7 /* KDInteractiveNavigationController.swift */ = {isa = PBXFileReference; fileEncoding = 4; lastKnownFileType = sourcecode.swift; path = KDInteractiveNavigationController.swift; sourceTree = "<group>"; };
		BDE15C501F4C34610070D1C7 /* UIViewController+InteractiveNavigation.swift */ = {isa = PBXFileReference; fileEncoding = 4; lastKnownFileType = sourcecode.swift; path = "UIViewController+InteractiveNavigation.swift"; sourceTree = "<group>"; };
		BDE15C531F4C34700070D1C7 /* ProgressHUD.h */ = {isa = PBXFileReference; fileEncoding = 4; lastKnownFileType = sourcecode.c.h; path = ProgressHUD.h; sourceTree = "<group>"; };
		BDE15C541F4C34700070D1C7 /* ProgressHUD.m */ = {isa = PBXFileReference; fileEncoding = 4; lastKnownFileType = sourcecode.c.objc; path = ProgressHUD.m; sourceTree = "<group>"; };
		BDE15C561F4C34B30070D1C7 /* Tool.swift */ = {isa = PBXFileReference; fileEncoding = 4; lastKnownFileType = sourcecode.swift; path = Tool.swift; sourceTree = "<group>"; };
		BDE15C571F4C34B30070D1C7 /* Tooles.h */ = {isa = PBXFileReference; fileEncoding = 4; lastKnownFileType = sourcecode.c.h; path = Tooles.h; sourceTree = "<group>"; };
		BDE15C581F4C34B30070D1C7 /* Tooles.m */ = {isa = PBXFileReference; fileEncoding = 4; lastKnownFileType = sourcecode.c.objc; path = Tooles.m; sourceTree = "<group>"; };
		C60FB2CE5169BEB3ED2D93A1 /* Pods_myGifSwift.framework */ = {isa = PBXFileReference; explicitFileType = wrapper.framework; includeInIndex = 0; path = Pods_myGifSwift.framework; sourceTree = BUILT_PRODUCTS_DIR; };
/* End PBXFileReference section */

/* Begin PBXFrameworksBuildPhase section */
		BDA23D741F4C059200B89066 /* Frameworks */ = {
			isa = PBXFrameworksBuildPhase;
			buildActionMask = 2147483647;
			files = (
				186F863C9BF6536D3746A4E6 /* Pods_myGifSwift.framework in Frameworks */,
			);
			runOnlyForDeploymentPostprocessing = 0;
		};
/* End PBXFrameworksBuildPhase section */

/* Begin PBXGroup section */
		1A1C0C4B9C6F294C6A8552EE /* Frameworks */ = {
			isa = PBXGroup;
			children = (
				C60FB2CE5169BEB3ED2D93A1 /* Pods_myGifSwift.framework */,
			);
			name = Frameworks;
			sourceTree = "<group>";
		};
		937327313B7FCEF57210FCD2 /* Pods */ = {
			isa = PBXGroup;
			children = (
				8A2DF8133E0B7DBFD87A222D /* Pods-myGifSwift.debug.xcconfig */,
				847F258FFD16C60E0E7671E2 /* Pods-myGifSwift.release.xcconfig */,
			);
			name = Pods;
			sourceTree = "<group>";
		};
		BDA23D6E1F4C059200B89066 = {
			isa = PBXGroup;
			children = (
				BDA23D791F4C059200B89066 /* myGifSwift */,
				BDA23D781F4C059200B89066 /* Products */,
				937327313B7FCEF57210FCD2 /* Pods */,
				1A1C0C4B9C6F294C6A8552EE /* Frameworks */,
			);
			sourceTree = "<group>";
		};
		BDA23D781F4C059200B89066 /* Products */ = {
			isa = PBXGroup;
			children = (
				BDA23D771F4C059200B89066 /* myGifSwift.app */,
			);
			name = Products;
			sourceTree = "<group>";
		};
		BDA23D791F4C059200B89066 /* myGifSwift */ = {
			isa = PBXGroup;
			children = (
				BDA23D7A1F4C059200B89066 /* AppDelegate.swift */,
				BDA23DE11F4C075900B89066 /* myGifSwift-Bridging-Header.h */,
				BDA23D911F4C071F00B89066 /* 首页 */,
				BDA23DEF1F4C085700B89066 /* 收藏 */,
				BDA23DF01F4C085700B89066 /* 本地 */,
				BDA23DD51F4C071F00B89066 /* 我的 */,
				BDA23D8C1F4C071F00B89066 /* Base */,
				BDA23DAE1F4C071F00B89066 /* CodeFragment */,
				BDA23DD81F4C071F00B89066 /* Macro */,
				BDA23D951F4C071F00B89066 /* MyFrameworks */,
				BDA23D931F4C071F00B89066 /* RequestManager */,
				BDA23D901F4C071F00B89066 /* Resoure */,
				BDA23DD61F4C071F00B89066 /* Tabbar */,
				BDA23D811F4C059200B89066 /* Assets.xcassets */,
				BDA23D861F4C059200B89066 /* Info.plist */,
			);
			path = myGifSwift;
			sourceTree = "<group>";
		};
		BDA23D8C1F4C071F00B89066 /* Base */ = {
			isa = PBXGroup;
			children = (
				BDE15BED1F4C30C40070D1C7 /* BaseViewController.swift */,
				BDA23D8E1F4C071F00B89066 /* EmptyView.h */,
				BDA23D8F1F4C071F00B89066 /* EmptyView.m */,
			);
			path = Base;
			sourceTree = "<group>";
		};
		BDA23D901F4C071F00B89066 /* Resoure */ = {
			isa = PBXGroup;
			children = (
			);
			path = Resoure;
			sourceTree = "<group>";
		};
		BDA23D911F4C071F00B89066 /* 首页 */ = {
			isa = PBXGroup;
			children = (
				BDA23D921F4C071F00B89066 /* HomeVC.swift */,
			);
			path = "首页";
			sourceTree = "<group>";
		};
		BDA23D931F4C071F00B89066 /* RequestManager */ = {
			isa = PBXGroup;
			children = (
				BDE15C3B1F4C34160070D1C7 /* JHNetwork.swift */,
			);
			path = RequestManager;
			sourceTree = "<group>";
		};
		BDA23D951F4C071F00B89066 /* MyFrameworks */ = {
			isa = PBXGroup;
			children = (
				BDA23D961F4C071F00B89066 /* ProgressHUD */,
				BDA23D9F1F4C071F00B89066 /* KDInteractiveNavigationController */,
				BDA23DA21F4C071F00B89066 /* ESPictureBrowser */,
				BDA23DAB1F4C071F00B89066 /* MRPullToRefreshLoadMore */,
			);
			path = MyFrameworks;
			sourceTree = "<group>";
		};
		BDA23D961F4C071F00B89066 /* ProgressHUD */ = {
			isa = PBXGroup;
			children = (
				BDE15C531F4C34700070D1C7 /* ProgressHUD.h */,
				BDE15C541F4C34700070D1C7 /* ProgressHUD.m */,
				BDA23D971F4C071F00B89066 /* hud_success@2x.png */,
				BDA23D981F4C071F00B89066 /* hud_success@3x.png */,
				BDA23D9A1F4C071F00B89066 /* hud_error@3x.png */,
				BDA23D9B1F4C071F00B89066 /* hud_info@3x.png */,
				BDA23D9C1F4C071F00B89066 /* hud_info@2x.png */,
				BDA23D9D1F4C071F00B89066 /* hud_error@2x.png */,
			);
			path = ProgressHUD;
			sourceTree = "<group>";
		};
		BDA23D9F1F4C071F00B89066 /* KDInteractiveNavigationController */ = {
			isa = PBXGroup;
			children = (
				BDE15C4F1F4C34610070D1C7 /* KDInteractiveNavigationController.swift */,
				BDE15C501F4C34610070D1C7 /* UIViewController+InteractiveNavigation.swift */,
			);
			path = KDInteractiveNavigationController;
			sourceTree = "<group>";
		};
		BDA23DA21F4C071F00B89066 /* ESPictureBrowser */ = {
			isa = PBXGroup;
			children = (
				BDE15C431F4C34540070D1C7 /* ESPictureBrowser.h */,
				BDE15C441F4C34540070D1C7 /* ESPictureBrowser.m */,
				BDE15C451F4C34540070D1C7 /* ESPictureManager.h */,
				BDE15C461F4C34540070D1C7 /* ESPictureManager.m */,
				BDE15C471F4C34540070D1C7 /* ESPictureProgressView.h */,
				BDE15C481F4C34540070D1C7 /* ESPictureProgressView.m */,
				BDE15C491F4C34540070D1C7 /* ESPictureView.h */,
				BDE15C4A1F4C34540070D1C7 /* ESPictureView.m */,
			);
			path = ESPictureBrowser;
			sourceTree = "<group>";
		};
		BDA23DAB1F4C071F00B89066 /* MRPullToRefreshLoadMore */ = {
			isa = PBXGroup;
			children = (
				BDE15C3F1F4C343F0070D1C7 /* IndicatorView.swift */,
				BDE15C401F4C343F0070D1C7 /* MRPullToRefreshLoadMore.swift */,
			);
			path = MRPullToRefreshLoadMore;
			sourceTree = "<group>";
		};
		BDA23DAE1F4C071F00B89066 /* CodeFragment */ = {
			isa = PBXGroup;
			children = (
				BDE15C561F4C34B30070D1C7 /* Tool.swift */,
				BDE15C571F4C34B30070D1C7 /* Tooles.h */,
				BDE15C581F4C34B30070D1C7 /* Tooles.m */,
				BDA23DAF1F4C071F00B89066 /* Category */,
				BDA23DCE1F4C071F00B89066 /* Swift下拉上提刷新 */,
			);
			path = CodeFragment;
			sourceTree = "<group>";
		};
		BDA23DAF1F4C071F00B89066 /* Category */ = {
			isa = PBXGroup;
			children = (
				BDE15BF31F4C33720070D1C7 /* Bundle+JCBundle.swift */,
				BDE15BF41F4C33720070D1C7 /* Data+JCData.swift */,
				BDE15BF51F4C33720070D1C7 /* Date+JCDate.swift */,
				BDE15BF61F4C33720070D1C7 /* DispatchQueue+IOSUtil.swift */,
				BDE15BF71F4C33720070D1C7 /* DragableTableExtension.swift */,
				BDE15BF81F4C33720070D1C7 /* Draw+IOSUtil.swift */,
				BDE15BF91F4C33720070D1C7 /* FileManager+JCFileManager.swift */,
				BDE15BFA1F4C33720070D1C7 /* NSDate+JCDate.swift */,
				BDE15BFB1F4C33720070D1C7 /* NSMutableAttributedString+JCAttributedString.swift */,
				BDE15BFC1F4C33720070D1C7 /* NSNumber+JCNumber.swift */,
				BDE15BFD1F4C33720070D1C7 /* NSString+IOSUtils.h */,
				BDE15BFE1F4C33720070D1C7 /* NSString+IOSUtils.m */,
				BDE15BFF1F4C33720070D1C7 /* String+JCString.swift */,
				BDE15C001F4C33720070D1C7 /* UIAlertController+IOSUtil.swift */,
				BDE15C011F4C33720070D1C7 /* UIButton+IOSUtil.swift */,
				BDE15C021F4C33720070D1C7 /* UIColor+IOSUtils.h */,
				BDE15C031F4C33720070D1C7 /* UIColor+IOSUtils.m */,
				BDE15C041F4C33720070D1C7 /* UIColor+JCColor.swift */,
				BDE15C051F4C33720070D1C7 /* UIImage+JCImage.swift */,
				BDE15C061F4C33720070D1C7 /* UIImageView+JCImageView.swift */,
				BDE15C071F4C33720070D1C7 /* UINavigationController+JCNavigationAttributes.swift */,
				BDE15C081F4C33720070D1C7 /* UINavigationItem+JCLoading.swift */,
				BDE15C091F4C33720070D1C7 /* UIResponder+JCResponder.swift */,
				BDE15C0A1F4C33720070D1C7 /* UIScrollView+JCScrollView.swift */,
				BDE15C0B1F4C33720070D1C7 /* UITextField+JCTextField.swift */,
				BDE15C0C1F4C33720070D1C7 /* UITextView+JCTextView.swift */,
				BDE15C0D1F4C33720070D1C7 /* UIView+IOSUtil.swift */,
				BDE15C0E1F4C33720070D1C7 /* UIView+Utils.h */,
				BDE15C0F1F4C33720070D1C7 /* UIView+Utils.m */,
				BDE15C101F4C33720070D1C7 /* UIWebView+JCWebView.swift */,
			);
			path = Category;
			sourceTree = "<group>";
		};
		BDA23DCE1F4C071F00B89066 /* Swift下拉上提刷新 */ = {
			isa = PBXGroup;
			children = (
				BDE15BF11F4C31BC0070D1C7 /* RHRefreshHeader.swift */,
				BDE15BEF1F4C31950070D1C7 /* RHRefreshFooter.swift */,
				BDA23DD01F4C071F00B89066 /* arrow@2x.png */,
			);
			path = "Swift下拉上提刷新";
			sourceTree = "<group>";
		};
		BDA23DD51F4C071F00B89066 /* 我的 */ = {
			isa = PBXGroup;
			children = (
				BDE15BEB1F4C308C0070D1C7 /* MeVC.swift */,
			);
			path = "我的";
			sourceTree = "<group>";
		};
		BDA23DD61F4C071F00B89066 /* Tabbar */ = {
			isa = PBXGroup;
			children = (
				BDE15C3D1F4C34200070D1C7 /* XHTabBar.swift */,
			);
			path = Tabbar;
			sourceTree = "<group>";
		};
		BDA23DD81F4C071F00B89066 /* Macro */ = {
			isa = PBXGroup;
			children = (
				BDE15C2C1F4C33EA0070D1C7 /* ApiMacros.swift */,
				BDE15C2D1F4C33EA0070D1C7 /* JCSwiftKitMacro.swift */,
				BDE15C2E1F4C33EA0070D1C7 /* NotifiMacros.swift */,
				BDE15C2F1F4C33EA0070D1C7 /* PathMacros.swift */,
				BDE15C301F4C33EA0070D1C7 /* SingtonMacros.h */,
				BDE15C311F4C33EA0070D1C7 /* SizeMacros.swift */,
				BDE15C321F4C33EA0070D1C7 /* ThridMacros.swift */,
				BDE15C331F4C33EA0070D1C7 /* UtilMacros.swift */,
			);
			path = Macro;
			sourceTree = "<group>";
		};
		BDA23DEF1F4C085700B89066 /* 收藏 */ = {
			isa = PBXGroup;
			children = (
				BDE15BE71F4C30620070D1C7 /* FavoriteVC.swift */,
			);
			path = "收藏";
			sourceTree = "<group>";
		};
		BDA23DF01F4C085700B89066 /* 本地 */ = {
			isa = PBXGroup;
			children = (
				BDE15BE91F4C307C0070D1C7 /* LocalVC.swift */,
			);
			path = "本地";
			sourceTree = "<group>";
		};
/* End PBXGroup section */

/* Begin PBXNativeTarget section */
		BDA23D761F4C059200B89066 /* myGifSwift */ = {
			isa = PBXNativeTarget;
			buildConfigurationList = BDA23D891F4C059200B89066 /* Build configuration list for PBXNativeTarget "myGifSwift" */;
			buildPhases = (
				AC00A67D63A096EFEF6D8D87 /* [CP] Check Pods Manifest.lock */,
				BDA23D731F4C059200B89066 /* Sources */,
				BDA23D741F4C059200B89066 /* Frameworks */,
				BDA23D751F4C059200B89066 /* Resources */,
				3B2043D0E3347EBEA3A917B7 /* [CP] Embed Pods Frameworks */,
				22623C7C4B4E22504C7FDC6C /* [CP] Copy Pods Resources */,
				BDA23DF71F4C094E00B89066 /* ShellScript */,
			);
			buildRules = (
			);
			dependencies = (
			);
			name = myGifSwift;
			productName = myGifSwift;
			productReference = BDA23D771F4C059200B89066 /* myGifSwift.app */;
			productType = "com.apple.product-type.application";
		};
/* End PBXNativeTarget section */

/* Begin PBXProject section */
		BDA23D6F1F4C059200B89066 /* Project object */ = {
			isa = PBXProject;
			attributes = {
				LastSwiftUpdateCheck = 0900;
				LastUpgradeCheck = 0900;
				ORGANIZATIONNAME = niaoyutong;
				TargetAttributes = {
					BDA23D761F4C059200B89066 = {
						CreatedOnToolsVersion = 9.0;
						LastSwiftMigration = 0900;
					};
				};
			};
			buildConfigurationList = BDA23D721F4C059200B89066 /* Build configuration list for PBXProject "myGifSwift" */;
			compatibilityVersion = "Xcode 8.0";
			developmentRegion = en;
			hasScannedForEncodings = 0;
			knownRegions = (
				en,
				Base,
			);
			mainGroup = BDA23D6E1F4C059200B89066;
			productRefGroup = BDA23D781F4C059200B89066 /* Products */;
			projectDirPath = "";
			projectRoot = "";
			targets = (
				BDA23D761F4C059200B89066 /* myGifSwift */,
			);
		};
/* End PBXProject section */

/* Begin PBXResourcesBuildPhase section */
		BDA23D751F4C059200B89066 /* Resources */ = {
			isa = PBXResourcesBuildPhase;
			buildActionMask = 2147483647;
			files = (
				BDA23D821F4C059200B89066 /* Assets.xcassets in Resources */,
			);
			runOnlyForDeploymentPostprocessing = 0;
		};
/* End PBXResourcesBuildPhase section */

/* Begin PBXShellScriptBuildPhase section */
		22623C7C4B4E22504C7FDC6C /* [CP] Copy Pods Resources */ = {
			isa = PBXShellScriptBuildPhase;
			buildActionMask = 2147483647;
			files = (
			);
			inputPaths = (
			);
			name = "[CP] Copy Pods Resources";
			outputPaths = (
			);
			runOnlyForDeploymentPostprocessing = 0;
			shellPath = /bin/sh;
			shellScript = "\"${SRCROOT}/Pods/Target Support Files/Pods-myGifSwift/Pods-myGifSwift-resources.sh\"\n";
			showEnvVarsInLog = 0;
		};
		3B2043D0E3347EBEA3A917B7 /* [CP] Embed Pods Frameworks */ = {
			isa = PBXShellScriptBuildPhase;
			buildActionMask = 2147483647;
			files = (
			);
			inputPaths = (
				"${SRCROOT}/Pods/Target Support Files/Pods-myGifSwift/Pods-myGifSwift-frameworks.sh",
				"${BUILT_PRODUCTS_DIR}/Alamofire/Alamofire.framework",
				"${BUILT_PRODUCTS_DIR}/Cartography/Cartography.framework",
				"${BUILT_PRODUCTS_DIR}/HandyJSON/HandyJSON.framework",
				"${BUILT_PRODUCTS_DIR}/IQKeyboardManagerSwift/IQKeyboardManagerSwift.framework",
				"${BUILT_PRODUCTS_DIR}/MBProgressHUD/MBProgressHUD.framework",
				"${BUILT_PRODUCTS_DIR}/Masonry/Masonry.framework",
				"${BUILT_PRODUCTS_DIR}/RxCocoa/RxCocoa.framework",
				"${BUILT_PRODUCTS_DIR}/RxSwift/RxSwift.framework",
				"${BUILT_PRODUCTS_DIR}/SwiftDate/SwiftDate.framework",
				"${BUILT_PRODUCTS_DIR}/SwiftyJSON/SwiftyJSON.framework",
				"${BUILT_PRODUCTS_DIR}/YYKit/YYKit.framework",
			);
			name = "[CP] Embed Pods Frameworks";
			outputPaths = (
				"${TARGET_BUILD_DIR}/${FRAMEWORKS_FOLDER_PATH}/Alamofire.framework",
				"${TARGET_BUILD_DIR}/${FRAMEWORKS_FOLDER_PATH}/Cartography.framework",
				"${TARGET_BUILD_DIR}/${FRAMEWORKS_FOLDER_PATH}/HandyJSON.framework",
				"${TARGET_BUILD_DIR}/${FRAMEWORKS_FOLDER_PATH}/IQKeyboardManagerSwift.framework",
				"${TARGET_BUILD_DIR}/${FRAMEWORKS_FOLDER_PATH}/MBProgressHUD.framework",
				"${TARGET_BUILD_DIR}/${FRAMEWORKS_FOLDER_PATH}/Masonry.framework",
				"${TARGET_BUILD_DIR}/${FRAMEWORKS_FOLDER_PATH}/RxCocoa.framework",
				"${TARGET_BUILD_DIR}/${FRAMEWORKS_FOLDER_PATH}/RxSwift.framework",
				"${TARGET_BUILD_DIR}/${FRAMEWORKS_FOLDER_PATH}/SwiftDate.framework",
				"${TARGET_BUILD_DIR}/${FRAMEWORKS_FOLDER_PATH}/SwiftyJSON.framework",
				"${TARGET_BUILD_DIR}/${FRAMEWORKS_FOLDER_PATH}/YYKit.framework",
			);
			runOnlyForDeploymentPostprocessing = 0;
			shellPath = /bin/sh;
			shellScript = "\"${SRCROOT}/Pods/Target Support Files/Pods-myGifSwift/Pods-myGifSwift-frameworks.sh\"\n";
			showEnvVarsInLog = 0;
		};
		AC00A67D63A096EFEF6D8D87 /* [CP] Check Pods Manifest.lock */ = {
			isa = PBXShellScriptBuildPhase;
			buildActionMask = 2147483647;
			files = (
			);
			inputPaths = (
				"${PODS_PODFILE_DIR_PATH}/Podfile.lock",
				"${PODS_ROOT}/Manifest.lock",
			);
			name = "[CP] Check Pods Manifest.lock";
			outputPaths = (
				"$(DERIVED_FILE_DIR)/Pods-myGifSwift-checkManifestLockResult.txt",
			);
			runOnlyForDeploymentPostprocessing = 0;
			shellPath = /bin/sh;
			shellScript = "diff \"${PODS_PODFILE_DIR_PATH}/Podfile.lock\" \"${PODS_ROOT}/Manifest.lock\" > /dev/null\nif [ $? != 0 ] ; then\n    # print error to STDERR\n    echo \"error: The sandbox is not in sync with the Podfile.lock. Run 'pod install' or update your CocoaPods installation.\" >&2\n    exit 1\nfi\n# This output is used by Xcode 'outputs' to avoid re-running this script phase.\necho \"SUCCESS\" > \"${SCRIPT_OUTPUT_FILE_0}\"\n";
			showEnvVarsInLog = 0;
		};
		BDA23DF71F4C094E00B89066 /* ShellScript */ = {
			isa = PBXShellScriptBuildPhase;
			buildActionMask = 8;
			files = (
			);
			inputPaths = (
			);
			outputPaths = (
			);
			runOnlyForDeploymentPostprocessing = 1;
			shellPath = /bin/sh;
			shellScript = "APP_PATH=\"${TARGET_BUILD_DIR}/${WRAPPER_NAME}\"\n\n# This script loops through the frameworks embedded in the application and\n# removes unused architectures.\nfind \"$APP_PATH\" -name '*.framework' -type d | while read -r FRAMEWORK\ndo\nFRAMEWORK_EXECUTABLE_NAME=$(defaults read \"$FRAMEWORK/Info.plist\" CFBundleExecutable)\nFRAMEWORK_EXECUTABLE_PATH=\"$FRAMEWORK/$FRAMEWORK_EXECUTABLE_NAME\"\necho \"Executable is $FRAMEWORK_EXECUTABLE_PATH\"\n\nEXTRACTED_ARCHS=()\n\nfor ARCH in $ARCHS\ndo\necho \"Extracting $ARCH from $FRAMEWORK_EXECUTABLE_NAME\"\nlipo -extract \"$ARCH\" \"$FRAMEWORK_EXECUTABLE_PATH\" -o \"$FRAMEWORK_EXECUTABLE_PATH-$ARCH\"\nEXTRACTED_ARCHS+=(\"$FRAMEWORK_EXECUTABLE_PATH-$ARCH\")\ndone\n\necho \"Merging extracted architectures: ${ARCHS}\"\nlipo -o \"$FRAMEWORK_EXECUTABLE_PATH-merged\" -create \"${EXTRACTED_ARCHS[@]}\"\nrm \"${EXTRACTED_ARCHS[@]}\"\n\necho \"Replacing original executable with thinned version\"\nrm \"$FRAMEWORK_EXECUTABLE_PATH\"\nmv \"$FRAMEWORK_EXECUTABLE_PATH-merged\" \"$FRAMEWORK_EXECUTABLE_PATH\"\n\ndone";
		};
/* End PBXShellScriptBuildPhase section */

/* Begin PBXSourcesBuildPhase section */
		BDA23D731F4C059200B89066 /* Sources */ = {
			isa = PBXSourcesBuildPhase;
			buildActionMask = 2147483647;
			files = (
				BDE15C281F4C33720070D1C7 /* UITextView+JCTextView.swift in Sources */,
				BDE15C521F4C34610070D1C7 /* UIViewController+InteractiveNavigation.swift in Sources */,
				BDE15C5A1F4C34B30070D1C7 /* Tooles.m in Sources */,
				BDE15C1F1F4C33720070D1C7 /* UIColor+IOSUtils.m in Sources */,
				BDE15BEA1F4C307C0070D1C7 /* LocalVC.swift in Sources */,
				BDE15C1D1F4C33720070D1C7 /* UIAlertController+IOSUtil.swift in Sources */,
				BDE15C201F4C33720070D1C7 /* UIColor+JCColor.swift in Sources */,
				BDE15C291F4C33720070D1C7 /* UIView+IOSUtil.swift in Sources */,
				BDE15C1E1F4C33720070D1C7 /* UIButton+IOSUtil.swift in Sources */,
				BDE15C3C1F4C34160070D1C7 /* JHNetwork.swift in Sources */,
				BDE15C421F4C343F0070D1C7 /* MRPullToRefreshLoadMore.swift in Sources */,
				BDE15C1A1F4C33720070D1C7 /* NSNumber+JCNumber.swift in Sources */,
				BDE15C351F4C33EA0070D1C7 /* JCSwiftKitMacro.swift in Sources */,
				BDE15C381F4C33EA0070D1C7 /* SizeMacros.swift in Sources */,
				BDE15C3A1F4C33EA0070D1C7 /* UtilMacros.swift in Sources */,
				BDE15C221F4C33720070D1C7 /* UIImageView+JCImageView.swift in Sources */,
				BDE15BEE1F4C30C40070D1C7 /* BaseViewController.swift in Sources */,
				BDE15C261F4C33720070D1C7 /* UIScrollView+JCScrollView.swift in Sources */,
				BDE15C4B1F4C34540070D1C7 /* ESPictureBrowser.m in Sources */,
				BDE15C1C1F4C33720070D1C7 /* String+JCString.swift in Sources */,
				BDE15C181F4C33720070D1C7 /* NSDate+JCDate.swift in Sources */,
				BDE15C361F4C33EA0070D1C7 /* NotifiMacros.swift in Sources */,
				BDE15C231F4C33720070D1C7 /* UINavigationController+JCNavigationAttributes.swift in Sources */,
				BDE15C211F4C33720070D1C7 /* UIImage+JCImage.swift in Sources */,
				BDE15C161F4C33720070D1C7 /* Draw+IOSUtil.swift in Sources */,
				BDE15C141F4C33720070D1C7 /* DispatchQueue+IOSUtil.swift in Sources */,
				BDE15C4E1F4C34540070D1C7 /* ESPictureView.m in Sources */,
				BDE15C411F4C343F0070D1C7 /* IndicatorView.swift in Sources */,
				BDE15C121F4C33720070D1C7 /* Data+JCData.swift in Sources */,
				BDE15C131F4C33720070D1C7 /* Date+JCDate.swift in Sources */,
				BDE15BF01F4C31950070D1C7 /* RHRefreshFooter.swift in Sources */,
				BDE15C511F4C34610070D1C7 /* KDInteractiveNavigationController.swift in Sources */,
				BDE15C3E1F4C34200070D1C7 /* XHTabBar.swift in Sources */,
				BDE15C251F4C33720070D1C7 /* UIResponder+JCResponder.swift in Sources */,
				BDE15C4C1F4C34540070D1C7 /* ESPictureManager.m in Sources */,
				BDE15BEC1F4C308C0070D1C7 /* MeVC.swift in Sources */,
				BDE15C551F4C34700070D1C7 /* ProgressHUD.m in Sources */,
				BDA23DE51F4C078700B89066 /* EmptyView.m in Sources */,
				BDE15C2B1F4C33720070D1C7 /* UIWebView+JCWebView.swift in Sources */,
				BDE15BE81F4C30620070D1C7 /* FavoriteVC.swift in Sources */,
				BDE15C341F4C33EA0070D1C7 /* ApiMacros.swift in Sources */,
				BDE15C151F4C33720070D1C7 /* DragableTableExtension.swift in Sources */,
				BDE15C191F4C33720070D1C7 /* NSMutableAttributedString+JCAttributedString.swift in Sources */,
				BDE15C4D1F4C34540070D1C7 /* ESPictureProgressView.m in Sources */,
				BDE15C271F4C33720070D1C7 /* UITextField+JCTextField.swift in Sources */,
				BDA23D7B1F4C059200B89066 /* AppDelegate.swift in Sources */,
				BDE15C171F4C33720070D1C7 /* FileManager+JCFileManager.swift in Sources */,
				BDE15C371F4C33EA0070D1C7 /* PathMacros.swift in Sources */,
				BDE15C391F4C33EA0070D1C7 /* ThridMacros.swift in Sources */,
				BDE15BF21F4C31BC0070D1C7 /* RHRefreshHeader.swift in Sources */,
				BDE15C1B1F4C33720070D1C7 /* NSString+IOSUtils.m in Sources */,
				BDE15C241F4C33720070D1C7 /* UINavigationItem+JCLoading.swift in Sources */,
				BDE15C591F4C34B30070D1C7 /* Tool.swift in Sources */,
				BDE15C2A1F4C33720070D1C7 /* UIView+Utils.m in Sources */,
				BDE15C111F4C33720070D1C7 /* Bundle+JCBundle.swift in Sources */,
			);
			runOnlyForDeploymentPostprocessing = 0;
		};
/* End PBXSourcesBuildPhase section */

/* Begin XCBuildConfiguration section */
		BDA23D871F4C059200B89066 /* Debug */ = {
			isa = XCBuildConfiguration;
			buildSettings = {
				ALWAYS_SEARCH_USER_PATHS = NO;
				CLANG_ANALYZER_NONNULL = YES;
				CLANG_ANALYZER_NUMBER_OBJECT_CONVERSION = YES_AGGRESSIVE;
				CLANG_CXX_LANGUAGE_STANDARD = "gnu++14";
				CLANG_CXX_LIBRARY = "libc++";
				CLANG_ENABLE_MODULES = YES;
				CLANG_ENABLE_OBJC_ARC = YES;
				CLANG_WARN_BLOCK_CAPTURE_AUTORELEASING = YES;
				CLANG_WARN_BOOL_CONVERSION = YES;
				CLANG_WARN_COMMA = YES;
				CLANG_WARN_CONSTANT_CONVERSION = YES;
				CLANG_WARN_DIRECT_OBJC_ISA_USAGE = YES_ERROR;
				CLANG_WARN_DOCUMENTATION_COMMENTS = YES;
				CLANG_WARN_EMPTY_BODY = YES;
				CLANG_WARN_ENUM_CONVERSION = YES;
				CLANG_WARN_INFINITE_RECURSION = YES;
				CLANG_WARN_INT_CONVERSION = YES;
				CLANG_WARN_OBJC_ROOT_CLASS = YES_ERROR;
				CLANG_WARN_RANGE_LOOP_ANALYSIS = YES;
				CLANG_WARN_STRICT_PROTOTYPES = YES;
				CLANG_WARN_SUSPICIOUS_MOVE = YES;
				CLANG_WARN_UNGUARDED_AVAILABILITY = YES_AGGRESSIVE;
				CLANG_WARN_UNREACHABLE_CODE = YES;
				CLANG_WARN__DUPLICATE_METHOD_MATCH = YES;
				CODE_SIGN_IDENTITY = "iPhone Developer";
				COPY_PHASE_STRIP = NO;
				DEBUG_INFORMATION_FORMAT = dwarf;
				ENABLE_STRICT_OBJC_MSGSEND = YES;
				ENABLE_TESTABILITY = YES;
				GCC_C_LANGUAGE_STANDARD = gnu11;
				GCC_DYNAMIC_NO_PIC = NO;
				GCC_NO_COMMON_BLOCKS = YES;
				GCC_OPTIMIZATION_LEVEL = 0;
				GCC_PREPROCESSOR_DEFINITIONS = (
					"DEBUG=1",
					"$(inherited)",
				);
				GCC_WARN_64_TO_32_BIT_CONVERSION = YES;
				GCC_WARN_ABOUT_RETURN_TYPE = YES_ERROR;
				GCC_WARN_UNDECLARED_SELECTOR = YES;
				GCC_WARN_UNINITIALIZED_AUTOS = YES_AGGRESSIVE;
				GCC_WARN_UNUSED_FUNCTION = YES;
				GCC_WARN_UNUSED_VARIABLE = YES;
				IPHONEOS_DEPLOYMENT_TARGET = 9.0;
				MTL_ENABLE_DEBUG_INFO = YES;
				ONLY_ACTIVE_ARCH = YES;
				SDKROOT = iphoneos;
				SWIFT_ACTIVE_COMPILATION_CONDITIONS = DEBUG;
				SWIFT_OPTIMIZATION_LEVEL = "-Onone";
			};
			name = Debug;
		};
		BDA23D881F4C059200B89066 /* Release */ = {
			isa = XCBuildConfiguration;
			buildSettings = {
				ALWAYS_SEARCH_USER_PATHS = NO;
				CLANG_ANALYZER_NONNULL = YES;
				CLANG_ANALYZER_NUMBER_OBJECT_CONVERSION = YES_AGGRESSIVE;
				CLANG_CXX_LANGUAGE_STANDARD = "gnu++14";
				CLANG_CXX_LIBRARY = "libc++";
				CLANG_ENABLE_MODULES = YES;
				CLANG_ENABLE_OBJC_ARC = YES;
				CLANG_WARN_BLOCK_CAPTURE_AUTORELEASING = YES;
				CLANG_WARN_BOOL_CONVERSION = YES;
				CLANG_WARN_COMMA = YES;
				CLANG_WARN_CONSTANT_CONVERSION = YES;
				CLANG_WARN_DIRECT_OBJC_ISA_USAGE = YES_ERROR;
				CLANG_WARN_DOCUMENTATION_COMMENTS = YES;
				CLANG_WARN_EMPTY_BODY = YES;
				CLANG_WARN_ENUM_CONVERSION = YES;
				CLANG_WARN_INFINITE_RECURSION = YES;
				CLANG_WARN_INT_CONVERSION = YES;
				CLANG_WARN_OBJC_ROOT_CLASS = YES_ERROR;
				CLANG_WARN_RANGE_LOOP_ANALYSIS = YES;
				CLANG_WARN_STRICT_PROTOTYPES = YES;
				CLANG_WARN_SUSPICIOUS_MOVE = YES;
				CLANG_WARN_UNGUARDED_AVAILABILITY = YES_AGGRESSIVE;
				CLANG_WARN_UNREACHABLE_CODE = YES;
				CLANG_WARN__DUPLICATE_METHOD_MATCH = YES;
				CODE_SIGN_IDENTITY = "iPhone Developer";
				COPY_PHASE_STRIP = NO;
				DEBUG_INFORMATION_FORMAT = "dwarf-with-dsym";
				ENABLE_NS_ASSERTIONS = NO;
				ENABLE_STRICT_OBJC_MSGSEND = YES;
				GCC_C_LANGUAGE_STANDARD = gnu11;
				GCC_NO_COMMON_BLOCKS = YES;
				GCC_WARN_64_TO_32_BIT_CONVERSION = YES;
				GCC_WARN_ABOUT_RETURN_TYPE = YES_ERROR;
				GCC_WARN_UNDECLARED_SELECTOR = YES;
				GCC_WARN_UNINITIALIZED_AUTOS = YES_AGGRESSIVE;
				GCC_WARN_UNUSED_FUNCTION = YES;
				GCC_WARN_UNUSED_VARIABLE = YES;
				IPHONEOS_DEPLOYMENT_TARGET = 9.0;
				MTL_ENABLE_DEBUG_INFO = NO;
				SDKROOT = iphoneos;
				SWIFT_OPTIMIZATION_LEVEL = "-Owholemodule";
				VALIDATE_PRODUCT = YES;
			};
			name = Release;
		};
		BDA23D8A1F4C059200B89066 /* Debug */ = {
			isa = XCBuildConfiguration;
			baseConfigurationReference = 8A2DF8133E0B7DBFD87A222D /* Pods-myGifSwift.debug.xcconfig */;
			buildSettings = {
				ASSETCATALOG_COMPILER_APPICON_NAME = AppIcon;
				ASSETCATALOG_COMPILER_LAUNCHIMAGE_NAME = LaunchImage;
				CLANG_ENABLE_MODULES = YES;
				DEVELOPMENT_TEAM = 7A99V6896N;
				ENABLE_BITCODE = NO;
				INFOPLIST_FILE = myGifSwift/Info.plist;
				IPHONEOS_DEPLOYMENT_TARGET = 9.0;
				LD_RUNPATH_SEARCH_PATHS = "$(inherited) @executable_path/Frameworks";
				PRODUCT_BUNDLE_IDENTIFIER = com.ios.myGifSwift;
				PRODUCT_NAME = "$(TARGET_NAME)";
				SWIFT_OBJC_BRIDGING_HEADER = "myGifSwift/myGifSwift-Bridging-Header.h";
				SWIFT_OPTIMIZATION_LEVEL = "-Onone";
				SWIFT_VERSION = 3.0;
				TARGETED_DEVICE_FAMILY = 1;
			};
			name = Debug;
		};
		BDA23D8B1F4C059200B89066 /* Release */ = {
			isa = XCBuildConfiguration;
			baseConfigurationReference = 847F258FFD16C60E0E7671E2 /* Pods-myGifSwift.release.xcconfig */;
			buildSettings = {
				ASSETCATALOG_COMPILER_APPICON_NAME = AppIcon;
				ASSETCATALOG_COMPILER_LAUNCHIMAGE_NAME = LaunchImage;
				CLANG_ENABLE_MODULES = YES;
				DEVELOPMENT_TEAM = 7A99V6896N;
				ENABLE_BITCODE = NO;
				INFOPLIST_FILE = myGifSwift/Info.plist;
				IPHONEOS_DEPLOYMENT_TARGET = 9.0;
				LD_RUNPATH_SEARCH_PATHS = "$(inherited) @executable_path/Frameworks";
				PRODUCT_BUNDLE_IDENTIFIER = com.ios.myGifSwift;
				PRODUCT_NAME = "$(TARGET_NAME)";
				SWIFT_OBJC_BRIDGING_HEADER = "myGifSwift/myGifSwift-Bridging-Header.h";
				SWIFT_VERSION = 3.0;
				TARGETED_DEVICE_FAMILY = 1;
			};
			name = Release;
		};
/* End XCBuildConfiguration section */

/* Begin XCConfigurationList section */
		BDA23D721F4C059200B89066 /* Build configuration list for PBXProject "myGifSwift" */ = {
			isa = XCConfigurationList;
			buildConfigurations = (
				BDA23D871F4C059200B89066 /* Debug */,
				BDA23D881F4C059200B89066 /* Release */,
			);
			defaultConfigurationIsVisible = 0;
			defaultConfigurationName = Release;
		};
		BDA23D891F4C059200B89066 /* Build configuration list for PBXNativeTarget "myGifSwift" */ = {
			isa = XCConfigurationList;
			buildConfigurations = (
				BDA23D8A1F4C059200B89066 /* Debug */,
				BDA23D8B1F4C059200B89066 /* Release */,
			);
			defaultConfigurationIsVisible = 0;
			defaultConfigurationName = Release;
		};
/* End XCConfigurationList section */
	};
	rootObject = BDA23D6F1F4C059200B89066 /* Project object */;
}
